
Microsoft Visual Studio Solution File, Format Version 12.00
# Visual Studio Version 16
VisualStudioVersion = 16.0.33529.622
MinimumVisualStudioVersion = 10.0.40219.1
Project("{8BC9CEB8-8B4A-11D0-8D11-00A0C91BC942}") = "C++", "C++\C++.vcxproj", "{D1680619-BE14-4855-8220-278DE7756F76}"
EndProject
Project("{6989167D-11E4-40FE-8C1A-2192A86A7E90}") = "Fortran", "Fortran\Fortran.vfproj", "{22C7F129-03D0-4855-9D18-7D3921F517F0}"
	ProjectSection(ProjectDependencies) = postProject
		{6190C484-8DD1-4F90-AA9E-221E6EA85856} = {6190C484-8DD1-4F90-AA9E-221E6EA85856}
	EndProjectSection
EndProject
Project("{888888A0-9F3D-457C-B088-3A5042F75D52}") = "Python", "Python\Python.pyproj", "{4918E3C1-257C-4E08-A044-9415F5A7FD9D}"
EndProject
Project("{8BC9CEB8-8B4A-11D0-8D11-00A0C91BC942}") = "c_functions", "c_functions\c_functions.vcxproj", "{6190C484-8DD1-4F90-AA9E-221E6EA85856}"
EndProject
Global
	GlobalSection(SolutionConfigurationPlatforms) = preSolution
		Debug|Any CPU = Debug|Any CPU
		Debug|x64 = Debug|x64
		Debug|x86 = Debug|x86
		Release|Any CPU = Release|Any CPU
		Release|x64 = Release|x64
		Release|x86 = Release|x86
	EndGlobalSection
	GlobalSection(ProjectConfigurationPlatforms) = postSolution
		{D1680619-BE14-4855-8220-278DE7756F76}.Debug|Any CPU.ActiveCfg = Debug|Win32
		{D1680619-BE14-4855-8220-278DE7756F76}.Debug|x64.ActiveCfg = Debug|x64
		{D1680619-BE14-4855-8220-278DE7756F76}.Debug|x64.Build.0 = Debug|x64
		{D1680619-BE14-4855-8220-278DE7756F76}.Debug|x86.ActiveCfg = Debug|Win32
		{D1680619-BE14-4855-8220-278DE7756F76}.Debug|x86.Build.0 = Debug|Win32
		{D1680619-BE14-4855-8220-278DE7756F76}.Release|Any CPU.ActiveCfg = Release|Win32
		{D1680619-BE14-4855-8220-278DE7756F76}.Release|x64.ActiveCfg = Release|x64
		{D1680619-BE14-4855-8220-278DE7756F76}.Release|x64.Build.0 = Release|x64
		{D1680619-BE14-4855-8220-278DE7756F76}.Release|x86.ActiveCfg = Release|Win32
		{D1680619-BE14-4855-8220-278DE7756F76}.Release|x86.Build.0 = Release|Win32
		{22C7F129-03D0-4855-9D18-7D3921F517F0}.Debug|Any CPU.ActiveCfg = Debug|Win32
		{22C7F129-03D0-4855-9D18-7D3921F517F0}.Debug|x64.ActiveCfg = Debug|x64
		{22C7F129-03D0-4855-9D18-7D3921F517F0}.Debug|x64.Build.0 = Debug|x64
		{22C7F129-03D0-4855-9D18-7D3921F517F0}.Debug|x86.ActiveCfg = Debug|Win32
		{22C7F129-03D0-4855-9D18-7D3921F517F0}.Debug|x86.Build.0 = Debug|Win32
		{22C7F129-03D0-4855-9D18-7D3921F517F0}.Release|Any CPU.ActiveCfg = Release|Win32
		{22C7F129-03D0-4855-9D18-7D3921F517F0}.Release|x64.ActiveCfg = Release|x64
		{22C7F129-03D0-4855-9D18-7D3921F517F0}.Release|x64.Build.0 = Release|x64
		{22C7F129-03D0-4855-9D18-7D3921F517F0}.Release|x86.ActiveCfg = Release|Win32
		{22C7F129-03D0-4855-9D18-7D3921F517F0}.Release|x86.Build.0 = Release|Win32
		{4918E3C1-257C-4E08-A044-9415F5A7FD9D}.Debug|Any CPU.ActiveCfg = Debug|Any CPU
		{4918E3C1-257C-4E08-A044-9415F5A7FD9D}.Debug|x64.ActiveCfg = Debug|Any CPU
		{4918E3C1-257C-4E08-A044-9415F5A7FD9D}.Debug|x86.ActiveCfg = Debug|Any CPU
		{4918E3C1-257C-4E08-A044-9415F5A7FD9D}.Release|Any CPU.ActiveCfg = Release|Any CPU
		{4918E3C1-257C-4E08-A044-9415F5A7FD9D}.Release|x64.ActiveCfg = Release|Any CPU
		{4918E3C1-257C-4E08-A044-9415F5A7FD9D}.Release|x86.ActiveCfg = Release|Any CPU
		{6190C484-8DD1-4F90-AA9E-221E6EA85856}.Debug|Any CPU.ActiveCfg = Debug|Win32
		{6190C484-8DD1-4F90-AA9E-221E6EA85856}.Debug|Any CPU.Build.0 = Debug|Win32
		{6190C484-8DD1-4F90-AA9E-221E6EA85856}.Debug|x64.ActiveCfg = Debug|x64
		{6190C484-8DD1-4F90-AA9E-221E6EA85856}.Debug|x64.Build.0 = Debug|x64
		{6190C484-8DD1-4F90-AA9E-221E6EA85856}.Debug|x86.ActiveCfg = Debug|Win32
		{6190C484-8DD1-4F90-AA9E-221E6EA85856}.Debug|x86.Build.0 = Debug|Win32
		{6190C484-8DD1-4F90-AA9E-221E6EA85856}.Release|Any CPU.ActiveCfg = Release|Win32
		{6190C484-8DD1-4F90-AA9E-221E6EA85856}.Release|x64.ActiveCfg = Release|x64
		{6190C484-8DD1-4F90-AA9E-221E6EA85856}.Release|x64.Build.0 = Release|x64
		{6190C484-8DD1-4F90-AA9E-221E6EA85856}.Release|x86.ActiveCfg = Release|Win32
		{6190C484-8DD1-4F90-AA9E-221E6EA85856}.Release|x86.Build.0 = Release|Win32
	EndGlobalSection
	GlobalSection(SolutionProperties) = preSolution
		HideSolutionNode = FALSE
	EndGlobalSection
	GlobalSection(ExtensibilityGlobals) = postSolution
		SolutionGuid = {EB7F18E5-9285-4B34-B513-A91A7542C99E}
	EndGlobalSection
EndGlobal
